
Microsoft Visual Studio Solution File, Format Version 12.00
# Visual Studio Version 17
VisualStudioVersion = 17.0.31903.59
MinimumVisualStudioVersion = 10.0.40219.1
Project("{FAE04EC0-301F-11D3-BF4B-00C04F79EFBC}") = "Kuva.Auth.Entities", "Kuva.Auth.Entities\Kuva.Auth.Entities.csproj", "{EA2BD421-DE03-457B-9E18-8956276C2827}"
EndProject
Project("{FAE04EC0-301F-11D3-BF4B-00C04F79EFBC}") = "Kuva.Auth.Repository", "Kuva.Auth.Repository\Kuva.Auth.Repository.csproj", "{5E73431E-3D94-48C3-974E-CF68F11D10E8}"
EndProject
Project("{FAE04EC0-301F-11D3-BF4B-00C04F79EFBC}") = "Kuva.Auth.Business", "Kuva.Auth.Business\Kuva.Auth.Business.csproj", "{4DCE5794-6491-4240-9680-742840C31473}"
EndProject
Project("{FAE04EC0-301F-11D3-BF4B-00C04F79EFBC}") = "Kuva.Auth.EFMigrations", "Kuva.Auth.EFMigrations\Kuva.Auth.EFMigrations.csproj", "{D5DB6F82-DF61-4A70-8E89-AFB3AC7D01F2}"
EndProject
Project("{FAE04EC0-301F-11D3-BF4B-00C04F79EFBC}") = "Kuva.Auth.Service", "Kuva.Auth.Service\Kuva.Auth.Service.csproj", "{C0906A18-65CF-480E-BCDA-A5E67FF9773F}"
EndProject
Project("{FAE04EC0-301F-11D3-BF4B-00C04F79EFBC}") = "Kuva.Auth.Tests", "Kuva.Auth.Tests\Kuva.Auth.Tests.csproj", "{FC775FF0-55BC-4CDF-955C-C9DF37273E20}"
EndProject
Global
	GlobalSection(SolutionConfigurationPlatforms) = preSolution
		Debug|Any CPU = Debug|Any CPU
		Debug|x64 = Debug|x64
		Debug|x86 = Debug|x86
		Release|Any CPU = Release|Any CPU
		Release|x64 = Release|x64
		Release|x86 = Release|x86
	EndGlobalSection
	GlobalSection(ProjectConfigurationPlatforms) = postSolution
		{EA2BD421-DE03-457B-9E18-8956276C2827}.Debug|Any CPU.ActiveCfg = Debug|Any CPU
		{EA2BD421-DE03-457B-9E18-8956276C2827}.Debug|Any CPU.Build.0 = Debug|Any CPU
		{EA2BD421-DE03-457B-9E18-8956276C2827}.Debug|x64.ActiveCfg = Debug|Any CPU
		{EA2BD421-DE03-457B-9E18-8956276C2827}.Debug|x64.Build.0 = Debug|Any CPU
		{EA2BD421-DE03-457B-9E18-8956276C2827}.Debug|x86.ActiveCfg = Debug|Any CPU
		{EA2BD421-DE03-457B-9E18-8956276C2827}.Debug|x86.Build.0 = Debug|Any CPU
		{EA2BD421-DE03-457B-9E18-8956276C2827}.Release|Any CPU.ActiveCfg = Release|Any CPU
		{EA2BD421-DE03-457B-9E18-8956276C2827}.Release|Any CPU.Build.0 = Release|Any CPU
		{EA2BD421-DE03-457B-9E18-8956276C2827}.Release|x64.ActiveCfg = Release|Any CPU
		{EA2BD421-DE03-457B-9E18-8956276C2827}.Release|x64.Build.0 = Release|Any CPU
		{EA2BD421-DE03-457B-9E18-8956276C2827}.Release|x86.ActiveCfg = Release|Any CPU
		{EA2BD421-DE03-457B-9E18-8956276C2827}.Release|x86.Build.0 = Release|Any CPU
		{5E73431E-3D94-48C3-974E-CF68F11D10E8}.Debug|Any CPU.ActiveCfg = Debug|Any CPU
		{5E73431E-3D94-48C3-974E-CF68F11D10E8}.Debug|Any CPU.Build.0 = Debug|Any CPU
		{5E73431E-3D94-48C3-974E-CF68F11D10E8}.Debug|x64.ActiveCfg = Debug|Any CPU
		{5E73431E-3D94-48C3-974E-CF68F11D10E8}.Debug|x64.Build.0 = Debug|Any CPU
		{5E73431E-3D94-48C3-974E-CF68F11D10E8}.Debug|x86.ActiveCfg = Debug|Any CPU
		{5E73431E-3D94-48C3-974E-CF68F11D10E8}.Debug|x86.Build.0 = Debug|Any CPU
		{5E73431E-3D94-48C3-974E-CF68F11D10E8}.Release|Any CPU.ActiveCfg = Release|Any CPU
		{5E73431E-3D94-48C3-974E-CF68F11D10E8}.Release|Any CPU.Build.0 = Release|Any CPU
		{5E73431E-3D94-48C3-974E-CF68F11D10E8}.Release|x64.ActiveCfg = Release|Any CPU
		{5E73431E-3D94-48C3-974E-CF68F11D10E8}.Release|x64.Build.0 = Release|Any CPU
		{5E73431E-3D94-48C3-974E-CF68F11D10E8}.Release|x86.ActiveCfg = Release|Any CPU
		{5E73431E-3D94-48C3-974E-CF68F11D10E8}.Release|x86.Build.0 = Release|Any CPU
		{4DCE5794-6491-4240-9680-742840C31473}.Debug|Any CPU.ActiveCfg = Debug|Any CPU
		{4DCE5794-6491-4240-9680-742840C31473}.Debug|Any CPU.Build.0 = Debug|Any CPU
		{4DCE5794-6491-4240-9680-742840C31473}.Debug|x64.ActiveCfg = Debug|Any CPU
		{4DCE5794-6491-4240-9680-742840C31473}.Debug|x64.Build.0 = Debug|Any CPU
		{4DCE5794-6491-4240-9680-742840C31473}.Debug|x86.ActiveCfg = Debug|Any CPU
		{4DCE5794-6491-4240-9680-742840C31473}.Debug|x86.Build.0 = Debug|Any CPU
		{4DCE5794-6491-4240-9680-742840C31473}.Release|Any CPU.ActiveCfg = Release|Any CPU
		{4DCE5794-6491-4240-9680-742840C31473}.Release|Any CPU.Build.0 = Release|Any CPU
		{4DCE5794-6491-4240-9680-742840C31473}.Release|x64.ActiveCfg = Release|Any CPU
		{4DCE5794-6491-4240-9680-742840C31473}.Release|x64.Build.0 = Release|Any CPU
		{4DCE5794-6491-4240-9680-742840C31473}.Release|x86.ActiveCfg = Release|Any CPU
		{4DCE5794-6491-4240-9680-742840C31473}.Release|x86.Build.0 = Release|Any CPU
		{D5DB6F82-DF61-4A70-8E89-AFB3AC7D01F2}.Debug|Any CPU.ActiveCfg = Debug|Any CPU
		{D5DB6F82-DF61-4A70-8E89-AFB3AC7D01F2}.Debug|Any CPU.Build.0 = Debug|Any CPU
		{D5DB6F82-DF61-4A70-8E89-AFB3AC7D01F2}.Debug|x64.ActiveCfg = Debug|Any CPU
		{D5DB6F82-DF61-4A70-8E89-AFB3AC7D01F2}.Debug|x64.Build.0 = Debug|Any CPU
		{D5DB6F82-DF61-4A70-8E89-AFB3AC7D01F2}.Debug|x86.ActiveCfg = Debug|Any CPU
		{D5DB6F82-DF61-4A70-8E89-AFB3AC7D01F2}.Debug|x86.Build.0 = Debug|Any CPU
		{D5DB6F82-DF61-4A70-8E89-AFB3AC7D01F2}.Release|Any CPU.ActiveCfg = Release|Any CPU
		{D5DB6F82-DF61-4A70-8E89-AFB3AC7D01F2}.Release|Any CPU.Build.0 = Release|Any CPU
		{D5DB6F82-DF61-4A70-8E89-AFB3AC7D01F2}.Release|x64.ActiveCfg = Release|Any CPU
		{D5DB6F82-DF61-4A70-8E89-AFB3AC7D01F2}.Release|x64.Build.0 = Release|Any CPU
		{D5DB6F82-DF61-4A70-8E89-AFB3AC7D01F2}.Release|x86.ActiveCfg = Release|Any CPU
		{D5DB6F82-DF61-4A70-8E89-AFB3AC7D01F2}.Release|x86.Build.0 = Release|Any CPU
		{C0906A18-65CF-480E-BCDA-A5E67FF9773F}.Debug|Any CPU.ActiveCfg = Debug|Any CPU
		{C0906A18-65CF-480E-BCDA-A5E67FF9773F}.Debug|Any CPU.Build.0 = Debug|Any CPU
		{C0906A18-65CF-480E-BCDA-A5E67FF9773F}.Debug|x64.ActiveCfg = Debug|Any CPU
		{C0906A18-65CF-480E-BCDA-A5E67FF9773F}.Debug|x64.Build.0 = Debug|Any CPU
		{C0906A18-65CF-480E-BCDA-A5E67FF9773F}.Debug|x86.ActiveCfg = Debug|Any CPU
		{C0906A18-65CF-480E-BCDA-A5E67FF9773F}.Debug|x86.Build.0 = Debug|Any CPU
		{C0906A18-65CF-480E-BCDA-A5E67FF9773F}.Release|Any CPU.ActiveCfg = Release|Any CPU
		{C0906A18-65CF-480E-BCDA-A5E67FF9773F}.Release|Any CPU.Build.0 = Release|Any CPU
		{C0906A18-65CF-480E-BCDA-A5E67FF9773F}.Release|x64.ActiveCfg = Release|Any CPU
		{C0906A18-65CF-480E-BCDA-A5E67FF9773F}.Release|x64.Build.0 = Release|Any CPU
		{C0906A18-65CF-480E-BCDA-A5E67FF9773F}.Release|x86.ActiveCfg = Release|Any CPU
		{C0906A18-65CF-480E-BCDA-A5E67FF9773F}.Release|x86.Build.0 = Release|Any CPU
		{FC775FF0-55BC-4CDF-955C-C9DF37273E20}.Debug|Any CPU.ActiveCfg = Debug|Any CPU
		{FC775FF0-55BC-4CDF-955C-C9DF37273E20}.Debug|Any CPU.Build.0 = Debug|Any CPU
		{FC775FF0-55BC-4CDF-955C-C9DF37273E20}.Debug|x64.ActiveCfg = Debug|Any CPU
		{FC775FF0-55BC-4CDF-955C-C9DF37273E20}.Debug|x64.Build.0 = Debug|Any CPU
		{FC775FF0-55BC-4CDF-955C-C9DF37273E20}.Debug|x86.ActiveCfg = Debug|Any CPU
		{FC775FF0-55BC-4CDF-955C-C9DF37273E20}.Debug|x86.Build.0 = Debug|Any CPU
		{FC775FF0-55BC-4CDF-955C-C9DF37273E20}.Release|Any CPU.ActiveCfg = Release|Any CPU
		{FC775FF0-55BC-4CDF-955C-C9DF37273E20}.Release|Any CPU.Build.0 = Release|Any CPU
		{FC775FF0-55BC-4CDF-955C-C9DF37273E20}.Release|x64.ActiveCfg = Release|Any CPU
		{FC775FF0-55BC-4CDF-955C-C9DF37273E20}.Release|x64.Build.0 = Release|Any CPU
		{FC775FF0-55BC-4CDF-955C-C9DF37273E20}.Release|x86.ActiveCfg = Release|Any CPU
		{FC775FF0-55BC-4CDF-955C-C9DF37273E20}.Release|x86.Build.0 = Release|Any CPU
	EndGlobalSection
	GlobalSection(SolutionProperties) = preSolution
		HideSolutionNode = FALSE
	EndGlobalSection
EndGlobal
